
Microsoft Visual Studio Solution File, Format Version 12.00
# Visual Studio 14
VisualStudioVersion = 14.0.24720.0
MinimumVisualStudioVersion = 10.0.40219.1
Project("{8BC9CEB8-8B4A-11D0-8D11-00A0C91BC942}") = "uefi-ntfs", ".clang\uefi-ntfs.vcxproj", "{DFA0BA98-D0BA-4176-9A34-B5BA6355B1DE}"
	ProjectSection(ProjectDependencies) = postProject
		{3135D563-9596-4584-9ED6-616ADEC52974} = {3135D563-9596-4584-9ED6-616ADEC52974}
	EndProjectSection
EndProject
Project("{8BC9CEB8-8B4A-11D0-8D11-00A0C91BC942}") = "gnu-efi", ".clang\gnu-efi.vcxproj", "{3135D563-9596-4584-9ED6-616ADEC52974}"
EndProject
Global
	GlobalSection(SolutionConfigurationPlatforms) = preSolution
		Debug|arm = Debug|arm
		Debug|ia32 = Debug|ia32
		Debug|x64 = Debug|x64
		Release|arm = Release|arm
		Release|ia32 = Release|ia32
		Release|x64 = Release|x64
	EndGlobalSection
	GlobalSection(ProjectConfigurationPlatforms) = postSolution
		{DFA0BA98-D0BA-4176-9A34-B5BA6355B1DE}.Debug|arm.ActiveCfg = Debug|ARM
		{DFA0BA98-D0BA-4176-9A34-B5BA6355B1DE}.Debug|arm.Build.0 = Debug|ARM
		{DFA0BA98-D0BA-4176-9A34-B5BA6355B1DE}.Debug|ia32.ActiveCfg = Debug|Win32
		{DFA0BA98-D0BA-4176-9A34-B5BA6355B1DE}.Debug|ia32.Build.0 = Debug|Win32
		{DFA0BA98-D0BA-4176-9A34-B5BA6355B1DE}.Debug|x64.ActiveCfg = Debug|x64
		{DFA0BA98-D0BA-4176-9A34-B5BA6355B1DE}.Debug|x64.Build.0 = Debug|x64
		{DFA0BA98-D0BA-4176-9A34-B5BA6355B1DE}.Release|arm.ActiveCfg = Release|ARM
		{DFA0BA98-D0BA-4176-9A34-B5BA6355B1DE}.Release|arm.Build.0 = Release|ARM
		{DFA0BA98-D0BA-4176-9A34-B5BA6355B1DE}.Release|ia32.ActiveCfg = Release|Win32
		{DFA0BA98-D0BA-4176-9A34-B5BA6355B1DE}.Release|ia32.Build.0 = Release|Win32
		{DFA0BA98-D0BA-4176-9A34-B5BA6355B1DE}.Release|x64.ActiveCfg = Release|x64
		{DFA0BA98-D0BA-4176-9A34-B5BA6355B1DE}.Release|x64.Build.0 = Release|x64
		{3135D563-9596-4584-9ED6-616ADEC52974}.Debug|arm.ActiveCfg = Debug|ARM
		{3135D563-9596-4584-9ED6-616ADEC52974}.Debug|arm.Build.0 = Debug|ARM
		{3135D563-9596-4584-9ED6-616ADEC52974}.Debug|ia32.ActiveCfg = Debug|Win32
		{3135D563-9596-4584-9ED6-616ADEC52974}.Debug|ia32.Build.0 = Debug|Win32
		{3135D563-9596-4584-9ED6-616ADEC52974}.Debug|x64.ActiveCfg = Debug|x64
		{3135D563-9596-4584-9ED6-616ADEC52974}.Debug|x64.Build.0 = Debug|x64
		{3135D563-9596-4584-9ED6-616ADEC52974}.Release|arm.ActiveCfg = Release|ARM
		{3135D563-9596-4584-9ED6-616ADEC52974}.Release|arm.Build.0 = Release|ARM
		{3135D563-9596-4584-9ED6-616ADEC52974}.Release|ia32.ActiveCfg = Release|Win32
		{3135D563-9596-4584-9ED6-616ADEC52974}.Release|ia32.Build.0 = Release|Win32
		{3135D563-9596-4584-9ED6-616ADEC52974}.Release|x64.ActiveCfg = Release|x64
		{3135D563-9596-4584-9ED6-616ADEC52974}.Release|x64.Build.0 = Release|x64
	EndGlobalSection
	GlobalSection(SolutionProperties) = preSolution
		HideSolutionNode = FALSE
	EndGlobalSection
EndGlobal
