<?xml version="1.0" encoding="utf-8"?>
<Project ToolsVersion="4.0" xmlns="http://schemas.microsoft.com/developer/msbuild/2003">
  <ItemGroup>
    <Filter Include="Source Files">
      <UniqueIdentifier>{4FC737F1-C7A5-4376-A066-2A32D752A2FF}</UniqueIdentifier>
      <Extensions>cpp;c;cc;cxx;def;odl;idl;hpj;bat;asm;asmx</Extensions>
    </Filter>
    <Filter Include="Header Files">
      <UniqueIdentifier>{93995380-89BD-4b04-88EB-625FBE52EBFB}</UniqueIdentifier>
      <Extensions>h;hh;hpp;hxx;hm;inl;inc;xsd</Extensions>
    </Filter>
    <Filter Include="Source Files\arm">
      <UniqueIdentifier>{99d9c063-e0d2-48d9-8b71-feb4082eddc4}</UniqueIdentifier>
    </Filter>
    <Filter Include="Source Files\ia32">
      <UniqueIdentifier>{b917a657-a544-470b-ae93-c21190d2aab4}</UniqueIdentifier>
    </Filter>
    <Filter Include="Source Files\x86_64">
      <UniqueIdentifier>{a17d2644-7736-4278-bb88-72daa0ccb6f3}</UniqueIdentifier>
    </Filter>
  </ItemGroup>
  <ItemGroup>
    <ClCompile Include="..\..\gnu-efi\lib\console.c">
      <Filter>Source Files</Filter>
    </ClCompile>
    <ClCompile Include="..\..\gnu-efi\lib\print.c">
      <Filter>Source Files</Filter>
    </ClCompile>
    <ClCompile Include="..\..\gnu-efi\lib\init.c">
      <Filter>Source Files</Filter>
    </ClCompile>
    <ClCompile Include="..\..\gnu-efi\lib\str.c">
      <Filter>Source Files</Filter>
    </ClCompile>
    <ClCompile Include="..\..\gnu-efi\lib\guid.c">
      <Filter>Source Files</Filter>
    </ClCompile>
    <ClCompile Include="..\..\gnu-efi\lib\misc.c">
      <Filter>Source Files</Filter>
    </ClCompile>
    <ClCompile Include="..\..\gnu-efi\lib\boxdraw.c">
      <Filter>Source Files</Filter>
    </ClCompile>
    <ClCompile Include="..\..\gnu-efi\lib\smbios.c">
      <Filter>Source Files</Filter>
    </ClCompile>
    <ClCompile Include="..\..\gnu-efi\lib\crc.c">
      <Filter>Source Files</Filter>
    </ClCompile>
    <ClCompile Include="..\..\gnu-efi\lib\data.c">
      <Filter>Source Files</Filter>
    </ClCompile>
    <ClCompile Include="..\..\gnu-efi\lib\debug.c">
      <Filter>Source Files</Filter>
    </ClCompile>
    <ClCompile Include="..\..\gnu-efi\lib\dpath.c">
      <Filter>Source Files</Filter>
    </ClCompile>
    <ClCompile Include="..\..\gnu-efi\lib\event.c">
      <Filter>Source Files</Filter>
    </ClCompile>
    <ClCompile Include="..\..\gnu-efi\lib\hand.c">
      <Filter>Source Files</Filter>
    </ClCompile>
    <ClCompile Include="..\..\gnu-efi\lib\hw.c">
      <Filter>Source Files</Filter>
    </ClCompile>
    <ClCompile Include="..\..\gnu-efi\lib\lock.c">
      <Filter>Source Files</Filter>
    </ClCompile>
    <ClCompile Include="..\..\gnu-efi\lib\sread.c">
      <Filter>Source Files</Filter>
    </ClCompile>
    <ClCompile Include="..\..\gnu-efi\lib\cmdline.c">
      <Filter>Source Files</Filter>
    </ClCompile>
    <ClCompile Include="..\..\gnu-efi\lib\runtime\rtlock.c">
      <Filter>Source Files</Filter>
    </ClCompile>
    <ClCompile Include="..\..\gnu-efi\lib\runtime\efirtlib.c">
      <Filter>Source Files</Filter>
    </ClCompile>
    <ClCompile Include="..\..\gnu-efi\lib\runtime\rtstr.c">
      <Filter>Source Files</Filter>
    </ClCompile>
    <ClCompile Include="..\..\gnu-efi\lib\runtime\vm.c">
      <Filter>Source Files</Filter>
    </ClCompile>
    <ClCompile Include="..\..\gnu-efi\lib\runtime\rtdata.c">
      <Filter>Source Files</Filter>
    </ClCompile>
    <ClCompile Include="..\..\gnu-efi\lib\error.c">
      <Filter>Source Files</Filter>
    </ClCompile>
    <ClCompile Include="..\..\gnu-efi\lib\x86_64\math.c">
      <Filter>Source Files\x86_64</Filter>
    </ClCompile>
    <ClCompile Include="..\..\gnu-efi\lib\ia32\math.c">
      <Filter>Source Files\ia32</Filter>
    </ClCompile>
    <ClCompile Include="..\..\gnu-efi\lib\x86_64\initplat.c">
      <Filter>Source Files\x86_64</Filter>
    </ClCompile>
    <ClCompile Include="..\..\gnu-efi\lib\ia32\initplat.c">
      <Filter>Source Files\ia32</Filter>
    </ClCompile>
    <ClCompile Include="..\..\gnu-efi\lib\arm\initplat.c">
      <Filter>Source Files\arm</Filter>
    </ClCompile>
    <ClCompile Include="..\..\gnu-efi\lib\arm\math.c">
      <Filter>Source Files\arm</Filter>
    </ClCompile>
  </ItemGroup>
</Project>